
Microsoft Visual Studio Solution File, Format Version 12.00
# Visual Studio Version 17
VisualStudioVersion = 17.12.35527.113 d17.12
MinimumVisualStudioVersion = 10.0.40219.1
Project("{9A19103F-16F7-4668-BE54-9A1E7A4F7556}") = "cocoon-orm-std", "cocoon-orm-std\cocoon-orm-std.csproj", "{9B49FE55-1D54-41DE-9AE7-C8DCAC11D67D}"
EndProject
Global
	GlobalSection(SolutionConfigurationPlatforms) = preSolution
		Debug|Any CPU = Debug|Any CPU
		Release|Any CPU = Release|Any CPU
	EndGlobalSection
	GlobalSection(ProjectConfigurationPlatforms) = postSolution
		{9B49FE55-1D54-41DE-9AE7-C8DCAC11D67D}.Debug|Any CPU.ActiveCfg = Debug|Any CPU
		{9B49FE55-1D54-41DE-9AE7-C8DCAC11D67D}.Debug|Any CPU.Build.0 = Debug|Any CPU
		{9B49FE55-1D54-41DE-9AE7-C8DCAC11D67D}.Release|Any CPU.ActiveCfg = Release|Any CPU
		{9B49FE55-1D54-41DE-9AE7-C8DCAC11D67D}.Release|Any CPU.Build.0 = Release|Any CPU
	EndGlobalSection
	GlobalSection(SolutionProperties) = preSolution
		HideSolutionNode = FALSE
	EndGlobalSection
	GlobalSection(ExtensibilityGlobals) = postSolution
		SolutionGuid = {C4CA4ABC-88F3-42A1-A70A-5BD340AB25E7}
	EndGlobalSection
EndGlobal
