
Microsoft Visual Studio Solution File, Format Version 12.00
# Visual Studio 14
VisualStudioVersion = 14.0.24720.0
MinimumVisualStudioVersion = 10.0.40219.1
Project("{FAE04EC0-301F-11D3-BF4B-00C04F79EFBC}") = "cocoon-orm", "cocoon-orm.csproj", "{9DDFABC3-BE34-4A52-8EB9-7CCF4D9AD0E7}"
EndProject
Project("{FAE04EC0-301F-11D3-BF4B-00C04F79EFBC}") = "cocoon-orm.mysql", "..\cocoon-orm.MySQL\cocoon-orm.mysql.csproj", "{F9E715F5-3590-436F-9781-75628E104108}"
	ProjectSection(ProjectDependencies) = postProject
		{9DDFABC3-BE34-4A52-8EB9-7CCF4D9AD0E7} = {9DDFABC3-BE34-4A52-8EB9-7CCF4D9AD0E7}
	EndProjectSection
EndProject
Project("{FAE04EC0-301F-11D3-BF4B-00C04F79EFBC}") = "cocoon-orm.test", "..\cocoon-orm.test\cocoon-orm.test.csproj", "{2AC555A1-99F8-462D-A253-7A825D81ADD2}"
	ProjectSection(ProjectDependencies) = postProject
		{9DDFABC3-BE34-4A52-8EB9-7CCF4D9AD0E7} = {9DDFABC3-BE34-4A52-8EB9-7CCF4D9AD0E7}
		{F9E715F5-3590-436F-9781-75628E104108} = {F9E715F5-3590-436F-9781-75628E104108}
	EndProjectSection
EndProject
Project("{FAE04EC0-301F-11D3-BF4B-00C04F79EFBC}") = "cocoon-orm2", "..\cocoon-orm2\cocoon-orm2.csproj", "{200AEE38-A736-4636-8EFE-3E1F10BFA35D}"
EndProject
Global
	GlobalSection(SolutionConfigurationPlatforms) = preSolution
		Debug|Any CPU = Debug|Any CPU
		Release|Any CPU = Release|Any CPU
	EndGlobalSection
	GlobalSection(ProjectConfigurationPlatforms) = postSolution
		{9DDFABC3-BE34-4A52-8EB9-7CCF4D9AD0E7}.Debug|Any CPU.ActiveCfg = Debug|Any CPU
		{9DDFABC3-BE34-4A52-8EB9-7CCF4D9AD0E7}.Debug|Any CPU.Build.0 = Debug|Any CPU
		{9DDFABC3-BE34-4A52-8EB9-7CCF4D9AD0E7}.Release|Any CPU.ActiveCfg = Release|Any CPU
		{9DDFABC3-BE34-4A52-8EB9-7CCF4D9AD0E7}.Release|Any CPU.Build.0 = Release|Any CPU
		{F9E715F5-3590-436F-9781-75628E104108}.Debug|Any CPU.ActiveCfg = Debug|Any CPU
		{F9E715F5-3590-436F-9781-75628E104108}.Debug|Any CPU.Build.0 = Debug|Any CPU
		{F9E715F5-3590-436F-9781-75628E104108}.Release|Any CPU.ActiveCfg = Release|Any CPU
		{F9E715F5-3590-436F-9781-75628E104108}.Release|Any CPU.Build.0 = Release|Any CPU
		{2AC555A1-99F8-462D-A253-7A825D81ADD2}.Debug|Any CPU.ActiveCfg = Debug|Any CPU
		{2AC555A1-99F8-462D-A253-7A825D81ADD2}.Debug|Any CPU.Build.0 = Debug|Any CPU
		{2AC555A1-99F8-462D-A253-7A825D81ADD2}.Release|Any CPU.ActiveCfg = Release|Any CPU
		{2AC555A1-99F8-462D-A253-7A825D81ADD2}.Release|Any CPU.Build.0 = Release|Any CPU
		{200AEE38-A736-4636-8EFE-3E1F10BFA35D}.Debug|Any CPU.ActiveCfg = Debug|Any CPU
		{200AEE38-A736-4636-8EFE-3E1F10BFA35D}.Debug|Any CPU.Build.0 = Debug|Any CPU
		{200AEE38-A736-4636-8EFE-3E1F10BFA35D}.Release|Any CPU.ActiveCfg = Release|Any CPU
		{200AEE38-A736-4636-8EFE-3E1F10BFA35D}.Release|Any CPU.Build.0 = Release|Any CPU
	EndGlobalSection
	GlobalSection(SolutionProperties) = preSolution
		HideSolutionNode = FALSE
	EndGlobalSection
EndGlobal
